
Microsoft Visual Studio Solution File, Format Version 12.00
# Visual Studio Version 16
VisualStudioVersion = 16.0.30320.27
MinimumVisualStudioVersion = 10.0.40219.1
Project("{9A19103F-16F7-4668-BE54-9A1E7A4F7556}") = "mobpush-api-csharp", "mobpush-api-csharp\mobpush-api-csharp.csproj", "{7D4EC3DD-D2F4-48E8-81F4-A3F212DE48C4}"
EndProject
Project("{9A19103F-16F7-4668-BE54-9A1E7A4F7556}") = "mobpush-api-csharp-demo", "mobpush-api-csharp-demo\mobpush-api-csharp-demo.csproj", "{7F7A7E9D-575C-489D-9B18-B35E63C6E23F}"
EndProject
Global
	GlobalSection(SolutionConfigurationPlatforms) = preSolution
		Debug|Any CPU = Debug|Any CPU
		Release|Any CPU = Release|Any CPU
	EndGlobalSection
	GlobalSection(ProjectConfigurationPlatforms) = postSolution
		{7D4EC3DD-D2F4-48E8-81F4-A3F212DE48C4}.Debug|Any CPU.ActiveCfg = Debug|Any CPU
		{7D4EC3DD-D2F4-48E8-81F4-A3F212DE48C4}.Debug|Any CPU.Build.0 = Debug|Any CPU
		{7D4EC3DD-D2F4-48E8-81F4-A3F212DE48C4}.Release|Any CPU.ActiveCfg = Release|Any CPU
		{7D4EC3DD-D2F4-48E8-81F4-A3F212DE48C4}.Release|Any CPU.Build.0 = Release|Any CPU
		{7F7A7E9D-575C-489D-9B18-B35E63C6E23F}.Debug|Any CPU.ActiveCfg = Debug|Any CPU
		{7F7A7E9D-575C-489D-9B18-B35E63C6E23F}.Debug|Any CPU.Build.0 = Debug|Any CPU
		{7F7A7E9D-575C-489D-9B18-B35E63C6E23F}.Release|Any CPU.ActiveCfg = Release|Any CPU
		{7F7A7E9D-575C-489D-9B18-B35E63C6E23F}.Release|Any CPU.Build.0 = Release|Any CPU
	EndGlobalSection
	GlobalSection(SolutionProperties) = preSolution
		HideSolutionNode = FALSE
	EndGlobalSection
	GlobalSection(ExtensibilityGlobals) = postSolution
		SolutionGuid = {BE5E8B51-4995-431D-94F1-1CE085B2DEAD}
	EndGlobalSection
EndGlobal
